payload:
# > Adblock
- DOMAIN-SUFFIX,csdn.net
- DOMAIN-SUFFIX,oschina.net

- DOMAIN-SUFFIX,51yes.com
- DOMAIN-SUFFIX,admaster.com.cn
- DOMAIN-SUFFIX,adview.cn
- DOMAIN-SUFFIX,allyes.com
- DOMAIN-SUFFIX,bayescom.com
- DOMAIN-SUFFIX,domob.cn
- DOMAIN-SUFFIX,doumob.com
- DOMAIN-SUFFIX,duomai.com
- DOMAIN-SUFFIX,focus.cn
- DOMAIN-SUFFIX,gepush.com
- DOMAIN-SUFFIX,getui.com
- DOMAIN-SUFFIX,getui.net
- DOMAIN-SUFFIX,igexin.com
- DOMAIN-SUFFIX,jpush.cn
- DOMAIN-SUFFIX,tuisong.baidu.com
- DOMAIN-SUFFIX,umeng.com
- DOMAIN-SUFFIX,umengcloud.com
- DOMAIN-SUFFIX,youmi.net

- DOMAIN-SUFFIX,amazon-adsystem.com
- DOMAIN-SUFFIX,smartadserver.com

# > Xiaomi ads
- DOMAIN,adv.sec.intl.miui.com
- DOMAIN,adv.sec.miui.com
- DOMAIN,data.mistat.xiaomi.com
- DOMAIN-SUFFIX,ad.intl.xiaomi.com
- DOMAIN-SUFFIX,ad.xiaomi.com
- DOMAIN-SUFFIX,tracking.miui.com

# > Tencent ads
- DOMAIN,btrace.qq.com
- DOMAIN,mtrace.qq.com
- DOMAIN,tajs.qq.com
- DOMAIN,wxsnsdy.wxs.qq.com
- DOMAIN-SUFFIX,bugly.qq.com

# > Baidu ads
- DOMAIN,afd.baidu.com
- DOMAIN,als.baidu.com
- DOMAIN,duclick.baidu.com
- DOMAIN,hm.baidu.com
- DOMAIN,hmma.baidu.com
- DOMAIN,mobads-logs.baidu.com
- DOMAIN,mobads.baidu.com
- DOMAIN,nsclick.baidu.com
- DOMAIN-SUFFIX,cpro.baidu.com
- DOMAIN-SUFFIX,pos.baidu.com

# > ByteDance ads
- DOMAIN,ad.toutiao.com
- DOMAIN,track.toutiao.com
- DOMAIN,xlog.snssdk.com

# > Qiyi ads
- DOMAIN-SUFFIX,a.ckm.iqiyi.com
- DOMAIN-SUFFIX,ad.m.iqiyi.com
- DOMAIN-SUFFIX,afp.iqiyi.com
- DOMAIN-SUFFIX,androidgo.duapp.com
- DOMAIN-SUFFIX,c.uaa.iqiyi.com
- DOMAIN-SUFFIX,cloudpush.iqiyi.com
- DOMAIN-SUFFIX,cm.passport.iqiyi.com
- DOMAIN-SUFFIX,cupid.iqiyi.com
- DOMAIN-SUFFIX,emoticon.sns.iqiyi.com
- DOMAIN-SUFFIX,game.pps.tv
- DOMAIN-SUFFIX,gamecenter.iqiyi.com
- DOMAIN-SUFFIX,hotchat-im.iqiyi.com
- DOMAIN-SUFFIX,mbdlog.iqiyi.com
- DOMAIN-SUFFIX,msg.iqiyi.com
- DOMAIN-SUFFIX,msg.video.qiyi.com
- DOMAIN-SUFFIX,msg2.video.qiyi.com
- DOMAIN-SUFFIX,msga.71.am
- DOMAIN-SUFFIX,nl.rcd.iqiyi.com
- DOMAIN-SUFFIX,notice.iqiyi.com
- DOMAIN-SUFFIX,noxagile.duapp.com
- DOMAIN-SUFFIX,paopao.iqiyi.com
- DOMAIN-SUFFIX,policy.video.iqiyi.com
- DOMAIN-SUFFIX,qosp.msg.71.am
- DOMAIN-SUFFIX,static.g.iqiyi.com
- DOMAIN-SUFFIX,static.g.ppstream.com
- DOMAIN-SUFFIX,store.iqiyi.com
- DOMAIN-SUFFIX,tracker.sns.iqiyi.com
- DOMAIN-SUFFIX,yuedu.iqiyi.com

# > Youku ads
- DOMAIN,ad.mobile.youku.com
- DOMAIN,iyes.youku.com
- DOMAIN-SUFFIX,atm.youku.com

# > Google ads and crash reports
- DOMAIN,e.crashlytics.com
- DOMAIN,reports.crashlytics.com
- DOMAIN-SUFFIX,admob.com
- DOMAIN-SUFFIX,doubleclick.net
- DOMAIN-SUFFIX,googleadservices.com
- DOMAIN-SUFFIX,googleadsserving.cn
- DOMAIN-SUFFIX,googlesyndication.com
- DOMAIN-SUFFIX,googletagmanager.com
- DOMAIN-SUFFIX,googletagservices.com
